// !$*UTF8*$!
{
	archiveVersion = 1;
	classes = {
	};
	objectVersion = 46;
	objects = {

/* Begin PBXBuildFile section */
		1BC444891F537D730063EDBB /* AppDelegate.swift in Sources */ = {isa = PBXBuildFile; fileRef = 1BC444881F537D730063EDBB /* AppDelegate.swift */; };
		1BC4448B1F537D730063EDBB /* ViewController.swift in Sources */ = {isa = PBXBuildFile; fileRef = 1BC4448A1F537D730063EDBB /* ViewController.swift */; };
		1BC4448E1F537D730063EDBB /* Main.storyboard in Resources */ = {isa = PBXBuildFile; fileRef = 1BC4448C1F537D730063EDBB /* Main.storyboard */; };
		1BC444901F537D730063EDBB /* Assets.xcassets in Resources */ = {isa = PBXBuildFile; fileRef = 1BC4448F1F537D730063EDBB /* Assets.xcassets */; };
		1BC444931F537D730063EDBB /* LaunchScreen.storyboard in Resources */ = {isa = PBXBuildFile; fileRef = 1BC444911F537D730063EDBB /* LaunchScreen.storyboard */; };
/* End PBXBuildFile section */

/* Begin PBXFileReference section */
		1BC444851F537D730063EDBB /* Xcode Walkthrough.app */ = {isa = PBXFileReference; explicitFileType = wrapper.application; includeInIndex = 0; path = "Xcode Walkthrough.app"; sourceTree = BUILT_PRODUCTS_DIR; };
		1BC444881F537D730063EDBB /* AppDelegate.swift */ = {isa = PBXFileReference; lastKnownFileType = sourcecode.swift; path = AppDelegate.swift; sourceTree = "<group>"; };
		1BC4448A1F537D730063EDBB /* ViewController.swift */ = {isa = PBXFileReference; lastKnownFileType = sourcecode.swift; path = ViewController.swift; sourceTree = "<group>"; };
		1BC4448D1F537D730063EDBB /* Base */ = {isa = PBXFileReference; lastKnownFileType = file.storyboard; name = Base; path = Base.lproj/Main.storyboard; sourceTree = "<group>"; };
		1BC4448F1F537D730063EDBB /* Assets.xcassets */ = {isa = PBXFileReference; lastKnownFileType = folder.assetcatalog; path = Assets.xcassets; sourceTree = "<group>"; };
		1BC444921F537D730063EDBB /* Base */ = {isa = PBXFileReference; lastKnownFileType = file.storyboard; name = Base; path = Base.lproj/LaunchScreen.storyboard; sourceTree = "<group>"; };
		1BC444941F537D730063EDBB /* Info.plist */ = {isa = PBXFileReference; lastKnownFileType = text.plist.xml; path = Info.plist; sourceTree = "<group>"; };
/* End PBXFileReference section */

/* Begin PBXFrameworksBuildPhase section */
		1BC444821F537D730063EDBB /* Frameworks */ = {
			isa = PBXFrameworksBuildPhase;
			buildActionMask = 2147483647;
			files = (
			);
			runOnlyForDeploymentPostprocessing = 0;
		};
/* End PBXFrameworksBuildPhase section */

/* Begin PBXGroup section */
		1BC4447C1F537D730063EDBB = {
			isa = PBXGroup;
			children = (
				1BC444871F537D730063EDBB /* Xcode Walkthrough */,
				1BC444861F537D730063EDBB /* Products */,
			);
			sourceTree = "<group>";
		};
		1BC444861F537D730063EDBB /* Products */ = {
			isa = PBXGroup;
			children = (
				1BC444851F537D730063EDBB /* Xcode Walkthrough.app */,
			);
			name = Products;
			sourceTree = "<group>";
		};
		1BC444871F537D730063EDBB /* Xcode Walkthrough */ = {
			isa = PBXGroup;
			children = (
				1BC444881F537D730063EDBB /* AppDelegate.swift */,
				1BC4448A1F537D730063EDBB /* ViewController.swift */,
				1BC4448C1F537D730063EDBB /* Main.storyboard */,
				1BC4448F1F537D730063EDBB /* Assets.xcassets */,
				1BC444911F537D730063EDBB /* LaunchScreen.storyboard */,
				1BC444941F537D730063EDBB /* Info.plist */,
			);
			path = "Xcode Walkthrough";
			sourceTree = "<group>";
		};
/* End PBXGroup section */

/* Begin PBXNativeTarget section */
		1BC444841F537D730063EDBB /* Xcode Walkthrough */ = {
			isa = PBXNativeTarget;
			buildConfigurationList = 1BC444971F537D730063EDBB /* Build configuration list for PBXNativeTarget "Xcode Walkthrough" */;
			buildPhases = (
				1BC444811F537D730063EDBB /* Sources */,
				1BC444821F537D730063EDBB /* Frameworks */,
				1BC444831F537D730063EDBB /* Resources */,
			);
			buildRules = (
			);
			dependencies = (
			);
			name = "Xcode Walkthrough";
			productName = "Xcode Walkthrough";
			productReference = 1BC444851F537D730063EDBB /* Xcode Walkthrough.app */;
			productType = "com.apple.product-type.application";
		};
/* End PBXNativeTarget section */

/* Begin PBXProject section */
		1BC4447D1F537D730063EDBB /* Project object */ = {
			isa = PBXProject;
			attributes = {
				LastSwiftUpdateCheck = 0830;
				LastUpgradeCheck = 0830;
				ORGANIZATIONNAME = "Jason Ho";
				TargetAttributes = {
					1BC444841F537D730063EDBB = {
						CreatedOnToolsVersion = 8.3.3;
						ProvisioningStyle = Automatic;
					};
				};
			};
			buildConfigurationList = 1BC444801F537D730063EDBB /* Build configuration list for PBXProject "Xcode Walkthrough" */;
			compatibilityVersion = "Xcode 3.2";
			developmentRegion = English;
			hasScannedForEncodings = 0;
			knownRegions = (
				en,
				Base,
			);
			mainGroup = 1BC4447C1F537D730063EDBB;
			productRefGroup = 1BC444861F537D730063EDBB /* Products */;
			projectDirPath = "";
			projectRoot = "";
			targets = (
				1BC444841F537D730063EDBB /* Xcode Walkthrough */,
			);
		};
/* End PBXProject section */

/* Begin PBXResourcesBuildPhase section */
		1BC444831F537D730063EDBB /* Resources */ = {
			isa = PBXResourcesBuildPhase;
			buildActionMask = 2147483647;
			files = (
				1BC444931F537D730063EDBB /* LaunchScreen.storyboard in Resources */,
				1BC444901F537D730063EDBB /* Assets.xcassets in Resources */,
				1BC4448E1F537D730063EDBB /* Main.storyboard in Resources */,
			);
			runOnlyForDeploymentPostprocessing = 0;
		};
/* End PBXResourcesBuildPhase section */

/* Begin PBXSourcesBuildPhase section */
		1BC444811F537D730063EDBB /* Sources */ = {
			isa = PBXSourcesBuildPhase;
			buildActionMask = 2147483647;
			files = (
				1BC4448B1F537D730063EDBB /* ViewController.swift in Sources */,
				1BC444891F537D730063EDBB /* AppDelegate.swift in Sources */,
			);
			runOnlyForDeploymentPostprocessing = 0;
		};
/* End PBXSourcesBuildPhase section */

/* Begin PBXVariantGroup section */
		1BC4448C1F537D730063EDBB /* Main.storyboard */ = {
			isa = PBXVariantGroup;
			children = (
				1BC4448D1F537D730063EDBB /* Base */,
			);
			name = Main.storyboard;
			sourceTree = "<group>";
		};
		1BC444911F537D730063EDBB /* LaunchScreen.storyboard */ = {
			isa = PBXVariantGroup;
			children = (
				1BC444921F537D730063EDBB /* Base */,
			);
			name = LaunchScreen.storyboard;
			sourceTree = "<group>";
		};
/* End PBXVariantGroup section */

/* Begin XCBuildConfiguration section */
		1BC444951F537D730063EDBB /* Debug */ = {
			isa = XCBuildConfiguration;
			buildSettings = {
				ALWAYS_SEARCH_USER_PATHS = NO;
				CLANG_ANALYZER_NONNULL = YES;
				CLANG_ANALYZER_NUMBER_OBJECT_CONVERSION = YES_AGGRESSIVE;
				CLANG_CXX_LANGUAGE_STANDARD = "gnu++0x";
				CLANG_CXX_LIBRARY = "libc++";
				CLANG_ENABLE_MODULES = YES;
				CLANG_ENABLE_OBJC_ARC = YES;
				CLANG_WARN_BOOL_CONVERSION = YES;
				CLANG_WARN_CONSTANT_CONVERSION = YES;
				CLANG_WARN_DIRECT_OBJC_ISA_USAGE = YES_ERROR;
				CLANG_WARN_DOCUMENTATION_COMMENTS = YES;
				CLANG_WARN_EMPTY_BODY = YES;
				CLANG_WARN_ENUM_CONVERSION = YES;
				CLANG_WARN_INFINITE_RECURSION = YES;
				CLANG_WARN_INT_CONVERSION = YES;
				CLANG_WARN_OBJC_ROOT_CLASS = YES_ERROR;
				CLANG_WARN_SUSPICIOUS_MOVE = YES;
				CLANG_WARN_UNREACHABLE_CODE = YES;
				CLANG_WARN__DUPLICATE_METHOD_MATCH = YES;
				"CODE_SIGN_IDENTITY[sdk=iphoneos*]" = "iPhone Developer";
				COPY_PHASE_STRIP = NO;
				DEBUG_INFORMATION_FORMAT = dwarf;
				ENABLE_STRICT_OBJC_MSGSEND = YES;
				ENABLE_TESTABILITY = YES;
				GCC_C_LANGUAGE_STANDARD = gnu99;
				GCC_DYNAMIC_NO_PIC = NO;
				GCC_NO_COMMON_BLOCKS = YES;
				GCC_OPTIMIZATION_LEVEL = 0;
				GCC_PREPROCESSOR_DEFINITIONS = (
					"DEBUG=1",
					"$(inherited)",
				);
				GCC_WARN_64_TO_32_BIT_CONVERSION = YES;
				GCC_WARN_ABOUT_RETURN_TYPE = YES_ERROR;
				GCC_WARN_UNDECLARED_SELECTOR = YES;
				GCC_WARN_UNINITIALIZED_AUTOS = YES_AGGRESSIVE;
				GCC_WARN_UNUSED_FUNCTION = YES;
				GCC_WARN_UNUSED_VARIABLE = YES;
				IPHONEOS_DEPLOYMENT_TARGET = 10.3;
				MTL_ENABLE_DEBUG_INFO = YES;
				ONLY_ACTIVE_ARCH = YES;
				SDKROOT = iphoneos;
				SWIFT_ACTIVE_COMPILATION_CONDITIONS = DEBUG;
				SWIFT_OPTIMIZATION_LEVEL = "-Onone";
			};
			name = Debug;
		};
		1BC444961F537D730063EDBB /* Release */ = {
			isa = XCBuildConfiguration;
			buildSettings = {
				ALWAYS_SEARCH_USER_PATHS = NO;
				CLANG_ANALYZER_NONNULL = YES;
				CLANG_ANALYZER_NUMBER_OBJECT_CONVERSION = YES_AGGRESSIVE;
				CLANG_CXX_LANGUAGE_STANDARD = "gnu++0x";
				CLANG_CXX_LIBRARY = "libc++";
				CLANG_ENABLE_MODULES = YES;
				CLANG_ENABLE_OBJC_ARC = YES;
				CLANG_WARN_BOOL_CONVERSION = YES;
				CLANG_WARN_CONSTANT_CONVERSION = YES;
				CLANG_WARN_DIRECT_OBJC_ISA_USAGE = YES_ERROR;
				CLANG_WARN_DOCUMENTATION_COMMENTS = YES;
				CLANG_WARN_EMPTY_BODY = YES;
				CLANG_WARN_ENUM_CONVERSION = YES;
				CLANG_WARN_INFINITE_RECURSION = YES;
				CLANG_WARN_INT_CONVERSION = YES;
				CLANG_WARN_OBJC_ROOT_CLASS = YES_ERROR;
				CLANG_WARN_SUSPICIOUS_MOVE = YES;
				CLANG_WARN_UNREACHABLE_CODE = YES;
				CLANG_WARN__DUPLICATE_METHOD_MATCH = YES;
				"CODE_SIGN_IDENTITY[sdk=iphoneos*]" = "iPhone Developer";
				COPY_PHASE_STRIP = NO;
				DEBUG_INFORMATION_FORMAT = "dwarf-with-dsym";
				ENABLE_NS_ASSERTIONS = NO;
				ENABLE_STRICT_OBJC_MSGSEND = YES;
				GCC_C_LANGUAGE_STANDARD = gnu99;
				GCC_NO_COMMON_BLOCKS = YES;
				GCC_WARN_64_TO_32_BIT_CONVERSION = YES;
				GCC_WARN_ABOUT_RETURN_TYPE = YES_ERROR;
				GCC_WARN_UNDECLARED_SELECTOR = YES;
				GCC_WARN_UNINITIALIZED_AUTOS = YES_AGGRESSIVE;
				GCC_WARN_UNUSED_FUNCTION = YES;
				GCC_WARN_UNUSED_VARIABLE = YES;
				IPHONEOS_DEPLOYMENT_TARGET = 10.3;
				MTL_ENABLE_DEBUG_INFO = NO;
				SDKROOT = iphoneos;
				SWIFT_OPTIMIZATION_LEVEL = "-Owholemodule";
				VALIDATE_PRODUCT = YES;
			};
			name = Release;
		};
		1BC444981F537D730063EDBB /* Debug */ = {
			isa = XCBuildConfiguration;
			buildSettings = {
				ASSETCATALOG_COMPILER_APPICON_NAME = AppIcon;
				INFOPLIST_FILE = "Xcode Walkthrough/Info.plist";
				LD_RUNPATH_SEARCH_PATHS = "$(inherited) @executable_path/Frameworks";
				PRODUCT_BUNDLE_IDENTIFIER = "com.jasonho.Xcode-Walkthrough";
				PRODUCT_NAME = "$(TARGET_NAME)";
				SWIFT_VERSION = 3.0;
			};
			name = Debug;
		};
		1BC444991F537D730063EDBB /* Release */ = {
			isa = XCBuildConfiguration;
			buildSettings = {
				ASSETCATALOG_COMPILER_APPICON_NAME = AppIcon;
				INFOPLIST_FILE = "Xcode Walkthrough/Info.plist";
				LD_RUNPATH_SEARCH_PATHS = "$(inherited) @executable_path/Frameworks";
				PRODUCT_BUNDLE_IDENTIFIER = "com.jasonho.Xcode-Walkthrough";
				PRODUCT_NAME = "$(TARGET_NAME)";
				SWIFT_VERSION = 3.0;
			};
			name = Release;
		};
/* End XCBuildConfiguration section */

/* Begin XCConfigurationList section */
		1BC444801F537D730063EDBB /* Build configuration list for PBXProject "Xcode Walkthrough" */ = {
			isa = XCConfigurationList;
			buildConfigurations = (
				1BC444951F537D730063EDBB /* Debug */,
				1BC444961F537D730063EDBB /* Release */,
			);
			defaultConfigurationIsVisible = 0;
			defaultConfigurationName = Release;
		};
		1BC444971F537D730063EDBB /* Build configuration list for PBXNativeTarget "Xcode Walkthrough" */ = {
			isa = XCConfigurationList;
			buildConfigurations = (
				1BC444981F537D730063EDBB /* Debug */,
				1BC444991F537D730063EDBB /* Release */,
			);
			defaultConfigurationIsVisible = 0;
		};
/* End XCConfigurationList section */
	};
	rootObject = 1BC4447D1F537D730063EDBB /* Project object */;
}
