// !$*UTF8*$!
{
	archiveVersion = 1;
	classes = {
	};
	objectVersion = 46;
	objects = {

/* Begin PBXBuildFile section */
		1BE8943F1F60B4B90068A52C /* AppDelegate.swift in Sources */ = {isa = PBXBuildFile; fileRef = 1BE8943E1F60B4B90068A52C /* AppDelegate.swift */; };
		1BE894411F60B4B90068A52C /* ViewController.swift in Sources */ = {isa = PBXBuildFile; fileRef = 1BE894401F60B4B90068A52C /* ViewController.swift */; };
		1BE894441F60B4B90068A52C /* Main.storyboard in Resources */ = {isa = PBXBuildFile; fileRef = 1BE894421F60B4B90068A52C /* Main.storyboard */; };
		1BE894461F60B4B90068A52C /* Assets.xcassets in Resources */ = {isa = PBXBuildFile; fileRef = 1BE894451F60B4B90068A52C /* Assets.xcassets */; };
		1BE894491F60B4B90068A52C /* LaunchScreen.storyboard in Resources */ = {isa = PBXBuildFile; fileRef = 1BE894471F60B4B90068A52C /* LaunchScreen.storyboard */; };
		1BE894511F60BD260068A52C /* MusicHelper.swift in Sources */ = {isa = PBXBuildFile; fileRef = 1BE894501F60BD260068A52C /* MusicHelper.swift */; };
		1BE894591F60C1110068A52C /* Test.mp3 in Resources */ = {isa = PBXBuildFile; fileRef = 1BE894581F60C1110068A52C /* Test.mp3 */; };
/* End PBXBuildFile section */

/* Begin PBXFileReference section */
		1BE8943B1F60B4B90068A52C /* Anime Alarm.app */ = {isa = PBXFileReference; explicitFileType = wrapper.application; includeInIndex = 0; path = "Anime Alarm.app"; sourceTree = BUILT_PRODUCTS_DIR; };
		1BE8943E1F60B4B90068A52C /* AppDelegate.swift */ = {isa = PBXFileReference; lastKnownFileType = sourcecode.swift; path = AppDelegate.swift; sourceTree = "<group>"; };
		1BE894401F60B4B90068A52C /* ViewController.swift */ = {isa = PBXFileReference; lastKnownFileType = sourcecode.swift; path = ViewController.swift; sourceTree = "<group>"; };
		1BE894431F60B4B90068A52C /* Base */ = {isa = PBXFileReference; lastKnownFileType = file.storyboard; name = Base; path = Base.lproj/Main.storyboard; sourceTree = "<group>"; };
		1BE894451F60B4B90068A52C /* Assets.xcassets */ = {isa = PBXFileReference; lastKnownFileType = folder.assetcatalog; path = Assets.xcassets; sourceTree = "<group>"; };
		1BE894481F60B4B90068A52C /* Base */ = {isa = PBXFileReference; lastKnownFileType = file.storyboard; name = Base; path = Base.lproj/LaunchScreen.storyboard; sourceTree = "<group>"; };
		1BE8944A1F60B4B90068A52C /* Info.plist */ = {isa = PBXFileReference; lastKnownFileType = text.plist.xml; path = Info.plist; sourceTree = "<group>"; };
		1BE894501F60BD260068A52C /* MusicHelper.swift */ = {isa = PBXFileReference; fileEncoding = 4; lastKnownFileType = sourcecode.swift; path = MusicHelper.swift; sourceTree = "<group>"; };
		1BE894581F60C1110068A52C /* Test.mp3 */ = {isa = PBXFileReference; lastKnownFileType = audio.mp3; path = Test.mp3; sourceTree = "<group>"; };
/* End PBXFileReference section */

/* Begin PBXFrameworksBuildPhase section */
		1BE894381F60B4B90068A52C /* Frameworks */ = {
			isa = PBXFrameworksBuildPhase;
			buildActionMask = 2147483647;
			files = (
			);
			runOnlyForDeploymentPostprocessing = 0;
		};
/* End PBXFrameworksBuildPhase section */

/* Begin PBXGroup section */
		1BE894321F60B4B90068A52C = {
			isa = PBXGroup;
			children = (
				1BE8943D1F60B4B90068A52C /* Anime Alarm */,
				1BE8943C1F60B4B90068A52C /* Products */,
				1BE894581F60C1110068A52C /* Test.mp3 */,
			);
			sourceTree = "<group>";
		};
		1BE8943C1F60B4B90068A52C /* Products */ = {
			isa = PBXGroup;
			children = (
				1BE8943B1F60B4B90068A52C /* Anime Alarm.app */,
			);
			name = Products;
			sourceTree = "<group>";
		};
		1BE8943D1F60B4B90068A52C /* Anime Alarm */ = {
			isa = PBXGroup;
			children = (
				1BE8943E1F60B4B90068A52C /* AppDelegate.swift */,
				1BE894401F60B4B90068A52C /* ViewController.swift */,
				1BE894501F60BD260068A52C /* MusicHelper.swift */,
				1BE894421F60B4B90068A52C /* Main.storyboard */,
				1BE894451F60B4B90068A52C /* Assets.xcassets */,
				1BE894471F60B4B90068A52C /* LaunchScreen.storyboard */,
				1BE8944A1F60B4B90068A52C /* Info.plist */,
			);
			path = "Anime Alarm";
			sourceTree = "<group>";
		};
/* End PBXGroup section */

/* Begin PBXNativeTarget section */
		1BE8943A1F60B4B90068A52C /* Anime Alarm */ = {
			isa = PBXNativeTarget;
			buildConfigurationList = 1BE8944D1F60B4B90068A52C /* Build configuration list for PBXNativeTarget "Anime Alarm" */;
			buildPhases = (
				1BE894371F60B4B90068A52C /* Sources */,
				1BE894381F60B4B90068A52C /* Frameworks */,
				1BE894391F60B4B90068A52C /* Resources */,
			);
			buildRules = (
			);
			dependencies = (
			);
			name = "Anime Alarm";
			productName = "Anime Alarm";
			productReference = 1BE8943B1F60B4B90068A52C /* Anime Alarm.app */;
			productType = "com.apple.product-type.application";
		};
/* End PBXNativeTarget section */

/* Begin PBXProject section */
		1BE894331F60B4B90068A52C /* Project object */ = {
			isa = PBXProject;
			attributes = {
				LastSwiftUpdateCheck = 0830;
				LastUpgradeCheck = 0830;
				ORGANIZATIONNAME = "Jason Ho";
				TargetAttributes = {
					1BE8943A1F60B4B90068A52C = {
						CreatedOnToolsVersion = 8.3.3;
						DevelopmentTeam = JW34UAT97D;
						ProvisioningStyle = Automatic;
					};
				};
			};
			buildConfigurationList = 1BE894361F60B4B90068A52C /* Build configuration list for PBXProject "Anime Alarm" */;
			compatibilityVersion = "Xcode 3.2";
			developmentRegion = English;
			hasScannedForEncodings = 0;
			knownRegions = (
				en,
				Base,
			);
			mainGroup = 1BE894321F60B4B90068A52C;
			productRefGroup = 1BE8943C1F60B4B90068A52C /* Products */;
			projectDirPath = "";
			projectRoot = "";
			targets = (
				1BE8943A1F60B4B90068A52C /* Anime Alarm */,
			);
		};
/* End PBXProject section */

/* Begin PBXResourcesBuildPhase section */
		1BE894391F60B4B90068A52C /* Resources */ = {
			isa = PBXResourcesBuildPhase;
			buildActionMask = 2147483647;
			files = (
				1BE894491F60B4B90068A52C /* LaunchScreen.storyboard in Resources */,
				1BE894461F60B4B90068A52C /* Assets.xcassets in Resources */,
				1BE894591F60C1110068A52C /* Test.mp3 in Resources */,
				1BE894441F60B4B90068A52C /* Main.storyboard in Resources */,
			);
			runOnlyForDeploymentPostprocessing = 0;
		};
/* End PBXResourcesBuildPhase section */

/* Begin PBXSourcesBuildPhase section */
		1BE894371F60B4B90068A52C /* Sources */ = {
			isa = PBXSourcesBuildPhase;
			buildActionMask = 2147483647;
			files = (
				1BE894511F60BD260068A52C /* MusicHelper.swift in Sources */,
				1BE894411F60B4B90068A52C /* ViewController.swift in Sources */,
				1BE8943F1F60B4B90068A52C /* AppDelegate.swift in Sources */,
			);
			runOnlyForDeploymentPostprocessing = 0;
		};
/* End PBXSourcesBuildPhase section */

/* Begin PBXVariantGroup section */
		1BE894421F60B4B90068A52C /* Main.storyboard */ = {
			isa = PBXVariantGroup;
			children = (
				1BE894431F60B4B90068A52C /* Base */,
			);
			name = Main.storyboard;
			sourceTree = "<group>";
		};
		1BE894471F60B4B90068A52C /* LaunchScreen.storyboard */ = {
			isa = PBXVariantGroup;
			children = (
				1BE894481F60B4B90068A52C /* Base */,
			);
			name = LaunchScreen.storyboard;
			sourceTree = "<group>";
		};
/* End PBXVariantGroup section */

/* Begin XCBuildConfiguration section */
		1BE8944B1F60B4B90068A52C /* Debug */ = {
			isa = XCBuildConfiguration;
			buildSettings = {
				ALWAYS_SEARCH_USER_PATHS = NO;
				CLANG_ANALYZER_NONNULL = YES;
				CLANG_ANALYZER_NUMBER_OBJECT_CONVERSION = YES_AGGRESSIVE;
				CLANG_CXX_LANGUAGE_STANDARD = "gnu++0x";
				CLANG_CXX_LIBRARY = "libc++";
				CLANG_ENABLE_MODULES = YES;
				CLANG_ENABLE_OBJC_ARC = YES;
				CLANG_WARN_BOOL_CONVERSION = YES;
				CLANG_WARN_CONSTANT_CONVERSION = YES;
				CLANG_WARN_DIRECT_OBJC_ISA_USAGE = YES_ERROR;
				CLANG_WARN_DOCUMENTATION_COMMENTS = YES;
				CLANG_WARN_EMPTY_BODY = YES;
				CLANG_WARN_ENUM_CONVERSION = YES;
				CLANG_WARN_INFINITE_RECURSION = YES;
				CLANG_WARN_INT_CONVERSION = YES;
				CLANG_WARN_OBJC_ROOT_CLASS = YES_ERROR;
				CLANG_WARN_SUSPICIOUS_MOVE = YES;
				CLANG_WARN_UNREACHABLE_CODE = YES;
				CLANG_WARN__DUPLICATE_METHOD_MATCH = YES;
				"CODE_SIGN_IDENTITY[sdk=iphoneos*]" = "iPhone Developer";
				COPY_PHASE_STRIP = NO;
				DEBUG_INFORMATION_FORMAT = dwarf;
				ENABLE_STRICT_OBJC_MSGSEND = YES;
				ENABLE_TESTABILITY = YES;
				GCC_C_LANGUAGE_STANDARD = gnu99;
				GCC_DYNAMIC_NO_PIC = NO;
				GCC_NO_COMMON_BLOCKS = YES;
				GCC_OPTIMIZATION_LEVEL = 0;
				GCC_PREPROCESSOR_DEFINITIONS = (
					"DEBUG=1",
					"$(inherited)",
				);
				GCC_WARN_64_TO_32_BIT_CONVERSION = YES;
				GCC_WARN_ABOUT_RETURN_TYPE = YES_ERROR;
				GCC_WARN_UNDECLARED_SELECTOR = YES;
				GCC_WARN_UNINITIALIZED_AUTOS = YES_AGGRESSIVE;
				GCC_WARN_UNUSED_FUNCTION = YES;
				GCC_WARN_UNUSED_VARIABLE = YES;
				IPHONEOS_DEPLOYMENT_TARGET = 10.3;
				MTL_ENABLE_DEBUG_INFO = YES;
				ONLY_ACTIVE_ARCH = YES;
				SDKROOT = iphoneos;
				SWIFT_ACTIVE_COMPILATION_CONDITIONS = DEBUG;
				SWIFT_OPTIMIZATION_LEVEL = "-Onone";
			};
			name = Debug;
		};
		1BE8944C1F60B4B90068A52C /* Release */ = {
			isa = XCBuildConfiguration;
			buildSettings = {
				ALWAYS_SEARCH_USER_PATHS = NO;
				CLANG_ANALYZER_NONNULL = YES;
				CLANG_ANALYZER_NUMBER_OBJECT_CONVERSION = YES_AGGRESSIVE;
				CLANG_CXX_LANGUAGE_STANDARD = "gnu++0x";
				CLANG_CXX_LIBRARY = "libc++";
				CLANG_ENABLE_MODULES = YES;
				CLANG_ENABLE_OBJC_ARC = YES;
				CLANG_WARN_BOOL_CONVERSION = YES;
				CLANG_WARN_CONSTANT_CONVERSION = YES;
				CLANG_WARN_DIRECT_OBJC_ISA_USAGE = YES_ERROR;
				CLANG_WARN_DOCUMENTATION_COMMENTS = YES;
				CLANG_WARN_EMPTY_BODY = YES;
				CLANG_WARN_ENUM_CONVERSION = YES;
				CLANG_WARN_INFINITE_RECURSION = YES;
				CLANG_WARN_INT_CONVERSION = YES;
				CLANG_WARN_OBJC_ROOT_CLASS = YES_ERROR;
				CLANG_WARN_SUSPICIOUS_MOVE = YES;
				CLANG_WARN_UNREACHABLE_CODE = YES;
				CLANG_WARN__DUPLICATE_METHOD_MATCH = YES;
				"CODE_SIGN_IDENTITY[sdk=iphoneos*]" = "iPhone Developer";
				COPY_PHASE_STRIP = NO;
				DEBUG_INFORMATION_FORMAT = "dwarf-with-dsym";
				ENABLE_NS_ASSERTIONS = NO;
				ENABLE_STRICT_OBJC_MSGSEND = YES;
				GCC_C_LANGUAGE_STANDARD = gnu99;
				GCC_NO_COMMON_BLOCKS = YES;
				GCC_WARN_64_TO_32_BIT_CONVERSION = YES;
				GCC_WARN_ABOUT_RETURN_TYPE = YES_ERROR;
				GCC_WARN_UNDECLARED_SELECTOR = YES;
				GCC_WARN_UNINITIALIZED_AUTOS = YES_AGGRESSIVE;
				GCC_WARN_UNUSED_FUNCTION = YES;
				GCC_WARN_UNUSED_VARIABLE = YES;
				IPHONEOS_DEPLOYMENT_TARGET = 10.3;
				MTL_ENABLE_DEBUG_INFO = NO;
				SDKROOT = iphoneos;
				SWIFT_OPTIMIZATION_LEVEL = "-Owholemodule";
				VALIDATE_PRODUCT = YES;
			};
			name = Release;
		};
		1BE8944E1F60B4B90068A52C /* Debug */ = {
			isa = XCBuildConfiguration;
			buildSettings = {
				ASSETCATALOG_COMPILER_APPICON_NAME = AppIcon;
				DEVELOPMENT_TEAM = JW34UAT97D;
				INFOPLIST_FILE = "Anime Alarm/Info.plist";
				LD_RUNPATH_SEARCH_PATHS = "$(inherited) @executable_path/Frameworks";
				PRODUCT_BUNDLE_IDENTIFIER = "com.jasonho.Anime-Alarm";
				PRODUCT_NAME = "$(TARGET_NAME)";
				SWIFT_VERSION = 3.0;
			};
			name = Debug;
		};
		1BE8944F1F60B4B90068A52C /* Release */ = {
			isa = XCBuildConfiguration;
			buildSettings = {
				ASSETCATALOG_COMPILER_APPICON_NAME = AppIcon;
				DEVELOPMENT_TEAM = JW34UAT97D;
				INFOPLIST_FILE = "Anime Alarm/Info.plist";
				LD_RUNPATH_SEARCH_PATHS = "$(inherited) @executable_path/Frameworks";
				PRODUCT_BUNDLE_IDENTIFIER = "com.jasonho.Anime-Alarm";
				PRODUCT_NAME = "$(TARGET_NAME)";
				SWIFT_VERSION = 3.0;
			};
			name = Release;
		};
/* End XCBuildConfiguration section */

/* Begin XCConfigurationList section */
		1BE894361F60B4B90068A52C /* Build configuration list for PBXProject "Anime Alarm" */ = {
			isa = XCConfigurationList;
			buildConfigurations = (
				1BE8944B1F60B4B90068A52C /* Debug */,
				1BE8944C1F60B4B90068A52C /* Release */,
			);
			defaultConfigurationIsVisible = 0;
			defaultConfigurationName = Release;
		};
		1BE8944D1F60B4B90068A52C /* Build configuration list for PBXNativeTarget "Anime Alarm" */ = {
			isa = XCConfigurationList;
			buildConfigurations = (
				1BE8944E1F60B4B90068A52C /* Debug */,
				1BE8944F1F60B4B90068A52C /* Release */,
			);
			defaultConfigurationIsVisible = 0;
			defaultConfigurationName = Release;
		};
/* End XCConfigurationList section */
	};
	rootObject = 1BE894331F60B4B90068A52C /* Project object */;
}
